
Microsoft Visual Studio Solution File, Format Version 12.00
# Visual Studio Version 17
VisualStudioVersion = 17.9.34607.119
MinimumVisualStudioVersion = 10.0.40219.1
Project("{FAE04EC0-301F-11D3-BF4B-00C04F79EFBC}") = "Proyecto Ingenieria", "Proyecto Ingenieria\Proyecto Ingenieria.csproj", "{A8FEFAD4-34ED-4AB5-8BB7-F478F6D30C03}"
EndProject
Project("{FAE04EC0-301F-11D3-BF4B-00C04F79EFBC}") = "Oracle.WebApi", "Oracle.WebApi\Oracle.WebApi.csproj", "{051BA994-5ABF-44B1-A011-B0DDE5AB404C}"
EndProject
Project("{FAE04EC0-301F-11D3-BF4B-00C04F79EFBC}") = "Oracle.DataAccess", "Oracle.DataAccess\Oracle.DataAccess.csproj", "{8D624922-5DE1-44F8-AEA3-AC850C6255DF}"
EndProject
Global
	GlobalSection(SolutionConfigurationPlatforms) = preSolution
		Debug|Any CPU = Debug|Any CPU
		Release|Any CPU = Release|Any CPU
	EndGlobalSection
	GlobalSection(ProjectConfigurationPlatforms) = postSolution
		{A8FEFAD4-34ED-4AB5-8BB7-F478F6D30C03}.Debug|Any CPU.ActiveCfg = Debug|Any CPU
		{A8FEFAD4-34ED-4AB5-8BB7-F478F6D30C03}.Debug|Any CPU.Build.0 = Debug|Any CPU
		{A8FEFAD4-34ED-4AB5-8BB7-F478F6D30C03}.Release|Any CPU.ActiveCfg = Release|Any CPU
		{A8FEFAD4-34ED-4AB5-8BB7-F478F6D30C03}.Release|Any CPU.Build.0 = Release|Any CPU
		{051BA994-5ABF-44B1-A011-B0DDE5AB404C}.Debug|Any CPU.ActiveCfg = Debug|Any CPU
		{051BA994-5ABF-44B1-A011-B0DDE5AB404C}.Debug|Any CPU.Build.0 = Debug|Any CPU
		{051BA994-5ABF-44B1-A011-B0DDE5AB404C}.Release|Any CPU.ActiveCfg = Release|Any CPU
		{051BA994-5ABF-44B1-A011-B0DDE5AB404C}.Release|Any CPU.Build.0 = Release|Any CPU
		{8D624922-5DE1-44F8-AEA3-AC850C6255DF}.Debug|Any CPU.ActiveCfg = Debug|Any CPU
		{8D624922-5DE1-44F8-AEA3-AC850C6255DF}.Debug|Any CPU.Build.0 = Debug|Any CPU
		{8D624922-5DE1-44F8-AEA3-AC850C6255DF}.Release|Any CPU.ActiveCfg = Release|Any CPU
		{8D624922-5DE1-44F8-AEA3-AC850C6255DF}.Release|Any CPU.Build.0 = Release|Any CPU
	EndGlobalSection
	GlobalSection(SolutionProperties) = preSolution
		HideSolutionNode = FALSE
	EndGlobalSection
	GlobalSection(ExtensibilityGlobals) = postSolution
		SolutionGuid = {F2E36816-EE96-475E-B456-15725721D823}
	EndGlobalSection
EndGlobal
